
Microsoft Visual Studio Solution File, Format Version 12.00
# Visual Studio Version 17
VisualStudioVersion = 17.0.31903.59
MinimumVisualStudioVersion = 10.0.40219.1
Project("{FAE04EC0-301F-11D3-BF4B-00C04F79EFBC}") = "ProductsMS", "ProductsMS\ProductsMS.csproj", "{DF5E0B5B-2CC4-4864-9B92-9ECA33F632D2}"
EndProject
Project("{FAE04EC0-301F-11D3-BF4B-00C04F79EFBC}") = "ProductsMS.Application", "ProductsMS.Application\ProductsMS.Application.csproj", "{8C690DEE-A12E-4B09-8A69-5F3890DBD4DF}"
EndProject
Project("{FAE04EC0-301F-11D3-BF4B-00C04F79EFBC}") = "ProductsMS.Domain", "ProductsMS.Domain\ProductsMS.Domain.csproj", "{C34ABF14-144E-44DE-B0FE-5BF795F17CD1}"
EndProject
Project("{FAE04EC0-301F-11D3-BF4B-00C04F79EFBC}") = "ProductsMS.Infrastructure", "ProductsMS.Infrastructure\ProductsMS.Infrastructure.csproj", "{90289D21-EE71-4DFF-B331-896F2A7EFEF8}"
EndProject
Project("{FAE04EC0-301F-11D3-BF4B-00C04F79EFBC}") = "ProductsMS.Core", "ProductsMS.Core\ProductsMS.Core.csproj", "{CD796589-141E-49A3-B098-34EB987023A2}"
EndProject
Project("{FAE04EC0-301F-11D3-BF4B-00C04F79EFBC}") = "ProductsMS.Commons", "ProductsMS.Commons\ProductsMS.Commons.csproj", "{8E39C3EC-5D30-4663-B949-12EE446DDE8B}"
EndProject
Project("{FAE04EC0-301F-11D3-BF4B-00C04F79EFBC}") = "ProductsMS.Tests", "ProductsMS.Tests\ProductsMS.Tests.csproj", "{B1A476A7-A8D8-4877-9450-5D047E893354}"
EndProject
Global
	GlobalSection(SolutionConfigurationPlatforms) = preSolution
		Debug|Any CPU = Debug|Any CPU
		Debug|x64 = Debug|x64
		Debug|x86 = Debug|x86
		Release|Any CPU = Release|Any CPU
		Release|x64 = Release|x64
		Release|x86 = Release|x86
	EndGlobalSection
	GlobalSection(ProjectConfigurationPlatforms) = postSolution
		{DF5E0B5B-2CC4-4864-9B92-9ECA33F632D2}.Debug|Any CPU.ActiveCfg = Debug|Any CPU
		{DF5E0B5B-2CC4-4864-9B92-9ECA33F632D2}.Debug|Any CPU.Build.0 = Debug|Any CPU
		{DF5E0B5B-2CC4-4864-9B92-9ECA33F632D2}.Debug|x64.ActiveCfg = Debug|Any CPU
		{DF5E0B5B-2CC4-4864-9B92-9ECA33F632D2}.Debug|x64.Build.0 = Debug|Any CPU
		{DF5E0B5B-2CC4-4864-9B92-9ECA33F632D2}.Debug|x86.ActiveCfg = Debug|Any CPU
		{DF5E0B5B-2CC4-4864-9B92-9ECA33F632D2}.Debug|x86.Build.0 = Debug|Any CPU
		{DF5E0B5B-2CC4-4864-9B92-9ECA33F632D2}.Release|Any CPU.ActiveCfg = Release|Any CPU
		{DF5E0B5B-2CC4-4864-9B92-9ECA33F632D2}.Release|Any CPU.Build.0 = Release|Any CPU
		{DF5E0B5B-2CC4-4864-9B92-9ECA33F632D2}.Release|x64.ActiveCfg = Release|Any CPU
		{DF5E0B5B-2CC4-4864-9B92-9ECA33F632D2}.Release|x64.Build.0 = Release|Any CPU
		{DF5E0B5B-2CC4-4864-9B92-9ECA33F632D2}.Release|x86.ActiveCfg = Release|Any CPU
		{DF5E0B5B-2CC4-4864-9B92-9ECA33F632D2}.Release|x86.Build.0 = Release|Any CPU
		{8C690DEE-A12E-4B09-8A69-5F3890DBD4DF}.Debug|Any CPU.ActiveCfg = Debug|Any CPU
		{8C690DEE-A12E-4B09-8A69-5F3890DBD4DF}.Debug|Any CPU.Build.0 = Debug|Any CPU
		{8C690DEE-A12E-4B09-8A69-5F3890DBD4DF}.Debug|x64.ActiveCfg = Debug|Any CPU
		{8C690DEE-A12E-4B09-8A69-5F3890DBD4DF}.Debug|x64.Build.0 = Debug|Any CPU
		{8C690DEE-A12E-4B09-8A69-5F3890DBD4DF}.Debug|x86.ActiveCfg = Debug|Any CPU
		{8C690DEE-A12E-4B09-8A69-5F3890DBD4DF}.Debug|x86.Build.0 = Debug|Any CPU
		{8C690DEE-A12E-4B09-8A69-5F3890DBD4DF}.Release|Any CPU.ActiveCfg = Release|Any CPU
		{8C690DEE-A12E-4B09-8A69-5F3890DBD4DF}.Release|Any CPU.Build.0 = Release|Any CPU
		{8C690DEE-A12E-4B09-8A69-5F3890DBD4DF}.Release|x64.ActiveCfg = Release|Any CPU
		{8C690DEE-A12E-4B09-8A69-5F3890DBD4DF}.Release|x64.Build.0 = Release|Any CPU
		{8C690DEE-A12E-4B09-8A69-5F3890DBD4DF}.Release|x86.ActiveCfg = Release|Any CPU
		{8C690DEE-A12E-4B09-8A69-5F3890DBD4DF}.Release|x86.Build.0 = Release|Any CPU
		{C34ABF14-144E-44DE-B0FE-5BF795F17CD1}.Debug|Any CPU.ActiveCfg = Debug|Any CPU
		{C34ABF14-144E-44DE-B0FE-5BF795F17CD1}.Debug|Any CPU.Build.0 = Debug|Any CPU
		{C34ABF14-144E-44DE-B0FE-5BF795F17CD1}.Debug|x64.ActiveCfg = Debug|Any CPU
		{C34ABF14-144E-44DE-B0FE-5BF795F17CD1}.Debug|x64.Build.0 = Debug|Any CPU
		{C34ABF14-144E-44DE-B0FE-5BF795F17CD1}.Debug|x86.ActiveCfg = Debug|Any CPU
		{C34ABF14-144E-44DE-B0FE-5BF795F17CD1}.Debug|x86.Build.0 = Debug|Any CPU
		{C34ABF14-144E-44DE-B0FE-5BF795F17CD1}.Release|Any CPU.ActiveCfg = Release|Any CPU
		{C34ABF14-144E-44DE-B0FE-5BF795F17CD1}.Release|Any CPU.Build.0 = Release|Any CPU
		{C34ABF14-144E-44DE-B0FE-5BF795F17CD1}.Release|x64.ActiveCfg = Release|Any CPU
		{C34ABF14-144E-44DE-B0FE-5BF795F17CD1}.Release|x64.Build.0 = Release|Any CPU
		{C34ABF14-144E-44DE-B0FE-5BF795F17CD1}.Release|x86.ActiveCfg = Release|Any CPU
		{C34ABF14-144E-44DE-B0FE-5BF795F17CD1}.Release|x86.Build.0 = Release|Any CPU
		{90289D21-EE71-4DFF-B331-896F2A7EFEF8}.Debug|Any CPU.ActiveCfg = Debug|Any CPU
		{90289D21-EE71-4DFF-B331-896F2A7EFEF8}.Debug|Any CPU.Build.0 = Debug|Any CPU
		{90289D21-EE71-4DFF-B331-896F2A7EFEF8}.Debug|x64.ActiveCfg = Debug|Any CPU
		{90289D21-EE71-4DFF-B331-896F2A7EFEF8}.Debug|x64.Build.0 = Debug|Any CPU
		{90289D21-EE71-4DFF-B331-896F2A7EFEF8}.Debug|x86.ActiveCfg = Debug|Any CPU
		{90289D21-EE71-4DFF-B331-896F2A7EFEF8}.Debug|x86.Build.0 = Debug|Any CPU
		{90289D21-EE71-4DFF-B331-896F2A7EFEF8}.Release|Any CPU.ActiveCfg = Release|Any CPU
		{90289D21-EE71-4DFF-B331-896F2A7EFEF8}.Release|Any CPU.Build.0 = Release|Any CPU
		{90289D21-EE71-4DFF-B331-896F2A7EFEF8}.Release|x64.ActiveCfg = Release|Any CPU
		{90289D21-EE71-4DFF-B331-896F2A7EFEF8}.Release|x64.Build.0 = Release|Any CPU
		{90289D21-EE71-4DFF-B331-896F2A7EFEF8}.Release|x86.ActiveCfg = Release|Any CPU
		{90289D21-EE71-4DFF-B331-896F2A7EFEF8}.Release|x86.Build.0 = Release|Any CPU
		{CD796589-141E-49A3-B098-34EB987023A2}.Debug|Any CPU.ActiveCfg = Debug|Any CPU
		{CD796589-141E-49A3-B098-34EB987023A2}.Debug|Any CPU.Build.0 = Debug|Any CPU
		{CD796589-141E-49A3-B098-34EB987023A2}.Debug|x64.ActiveCfg = Debug|Any CPU
		{CD796589-141E-49A3-B098-34EB987023A2}.Debug|x64.Build.0 = Debug|Any CPU
		{CD796589-141E-49A3-B098-34EB987023A2}.Debug|x86.ActiveCfg = Debug|Any CPU
		{CD796589-141E-49A3-B098-34EB987023A2}.Debug|x86.Build.0 = Debug|Any CPU
		{CD796589-141E-49A3-B098-34EB987023A2}.Release|Any CPU.ActiveCfg = Release|Any CPU
		{CD796589-141E-49A3-B098-34EB987023A2}.Release|Any CPU.Build.0 = Release|Any CPU
		{CD796589-141E-49A3-B098-34EB987023A2}.Release|x64.ActiveCfg = Release|Any CPU
		{CD796589-141E-49A3-B098-34EB987023A2}.Release|x64.Build.0 = Release|Any CPU
		{CD796589-141E-49A3-B098-34EB987023A2}.Release|x86.ActiveCfg = Release|Any CPU
		{CD796589-141E-49A3-B098-34EB987023A2}.Release|x86.Build.0 = Release|Any CPU
		{8E39C3EC-5D30-4663-B949-12EE446DDE8B}.Debug|Any CPU.ActiveCfg = Debug|Any CPU
		{8E39C3EC-5D30-4663-B949-12EE446DDE8B}.Debug|Any CPU.Build.0 = Debug|Any CPU
		{8E39C3EC-5D30-4663-B949-12EE446DDE8B}.Debug|x64.ActiveCfg = Debug|Any CPU
		{8E39C3EC-5D30-4663-B949-12EE446DDE8B}.Debug|x64.Build.0 = Debug|Any CPU
		{8E39C3EC-5D30-4663-B949-12EE446DDE8B}.Debug|x86.ActiveCfg = Debug|Any CPU
		{8E39C3EC-5D30-4663-B949-12EE446DDE8B}.Debug|x86.Build.0 = Debug|Any CPU
		{8E39C3EC-5D30-4663-B949-12EE446DDE8B}.Release|Any CPU.ActiveCfg = Release|Any CPU
		{8E39C3EC-5D30-4663-B949-12EE446DDE8B}.Release|Any CPU.Build.0 = Release|Any CPU
		{8E39C3EC-5D30-4663-B949-12EE446DDE8B}.Release|x64.ActiveCfg = Release|Any CPU
		{8E39C3EC-5D30-4663-B949-12EE446DDE8B}.Release|x64.Build.0 = Release|Any CPU
		{8E39C3EC-5D30-4663-B949-12EE446DDE8B}.Release|x86.ActiveCfg = Release|Any CPU
		{8E39C3EC-5D30-4663-B949-12EE446DDE8B}.Release|x86.Build.0 = Release|Any CPU
		{B1A476A7-A8D8-4877-9450-5D047E893354}.Debug|Any CPU.ActiveCfg = Debug|Any CPU
		{B1A476A7-A8D8-4877-9450-5D047E893354}.Debug|Any CPU.Build.0 = Debug|Any CPU
		{B1A476A7-A8D8-4877-9450-5D047E893354}.Debug|x64.ActiveCfg = Debug|Any CPU
		{B1A476A7-A8D8-4877-9450-5D047E893354}.Debug|x64.Build.0 = Debug|Any CPU
		{B1A476A7-A8D8-4877-9450-5D047E893354}.Debug|x86.ActiveCfg = Debug|Any CPU
		{B1A476A7-A8D8-4877-9450-5D047E893354}.Debug|x86.Build.0 = Debug|Any CPU
		{B1A476A7-A8D8-4877-9450-5D047E893354}.Release|Any CPU.ActiveCfg = Release|Any CPU
		{B1A476A7-A8D8-4877-9450-5D047E893354}.Release|Any CPU.Build.0 = Release|Any CPU
		{B1A476A7-A8D8-4877-9450-5D047E893354}.Release|x64.ActiveCfg = Release|Any CPU
		{B1A476A7-A8D8-4877-9450-5D047E893354}.Release|x64.Build.0 = Release|Any CPU
		{B1A476A7-A8D8-4877-9450-5D047E893354}.Release|x86.ActiveCfg = Release|Any CPU
		{B1A476A7-A8D8-4877-9450-5D047E893354}.Release|x86.Build.0 = Release|Any CPU
	EndGlobalSection
	GlobalSection(SolutionProperties) = preSolution
		HideSolutionNode = FALSE
	EndGlobalSection
EndGlobal
